
Microsoft Visual Studio Solution File, Format Version 12.00
# Visual Studio Version 16
VisualStudioVersion = 16.0.30717.126
MinimumVisualStudioVersion = 10.0.40219.1
Project("{FAE04EC0-301F-11D3-BF4B-00C04F79EFBC}") = "DockerDemo", "DockerDemo.csproj", "{6651D784-6989-4ED1-B2C5-7055A64BDF69}"
EndProject
Global
	GlobalSection(SolutionConfigurationPlatforms) = preSolution
		Debug|Any CPU = Debug|Any CPU
		Release|Any CPU = Release|Any CPU
	EndGlobalSection
	GlobalSection(ProjectConfigurationPlatforms) = postSolution
		{6651D784-6989-4ED1-B2C5-7055A64BDF69}.Debug|Any CPU.ActiveCfg = Debug|Any CPU
		{6651D784-6989-4ED1-B2C5-7055A64BDF69}.Debug|Any CPU.Build.0 = Debug|Any CPU
		{6651D784-6989-4ED1-B2C5-7055A64BDF69}.Release|Any CPU.ActiveCfg = Release|Any CPU
		{6651D784-6989-4ED1-B2C5-7055A64BDF69}.Release|Any CPU.Build.0 = Release|Any CPU
	EndGlobalSection
	GlobalSection(SolutionProperties) = preSolution
		HideSolutionNode = FALSE
	EndGlobalSection
	GlobalSection(ExtensibilityGlobals) = postSolution
		SolutionGuid = {93608717-CC03-4D3F-B176-456A96665597}
	EndGlobalSection
EndGlobal
